
Microsoft Visual Studio Solution File, Format Version 11.00
# Visual Studio 2010
Project("{FAE04EC0-301F-11D3-BF4B-00C04F79EFBC}") = "Assembly-CSharp-firstpass", "Assembly-CSharp-firstpass.csproj", "{F4716208-6F91-9691-23F2-32A07C19372A}"
EndProject
Project("{FAE04EC0-301F-11D3-BF4B-00C04F79EFBC}") = "Assembly-CSharp", "Assembly-CSharp.csproj", "{C3FCF2B7-163C-75E2-68AC-1D37B88445E5}"
EndProject
Project("{FAE04EC0-301F-11D3-BF4B-00C04F79EFBC}") = "Assembly-CSharp-Editor-firstpass", "Assembly-CSharp-Editor-firstpass.csproj", "{C7D04F19-F46C-E00F-CA8E-EC91A6260943}"
EndProject
Global
	GlobalSection(SolutionConfigurationPlatforms) = preSolution
		Debug|Any CPU = Debug|Any CPU
		Release|Any CPU = Release|Any CPU
	EndGlobalSection
	GlobalSection(ProjectConfigurationPlatforms) = postSolution
		{F4716208-6F91-9691-23F2-32A07C19372A}.Debug|Any CPU.ActiveCfg = Debug|Any CPU
		{F4716208-6F91-9691-23F2-32A07C19372A}.Debug|Any CPU.Build.0 = Debug|Any CPU
		{F4716208-6F91-9691-23F2-32A07C19372A}.Release|Any CPU.ActiveCfg = Release|Any CPU
		{F4716208-6F91-9691-23F2-32A07C19372A}.Release|Any CPU.Build.0 = Release|Any CPU
		{C3FCF2B7-163C-75E2-68AC-1D37B88445E5}.Debug|Any CPU.ActiveCfg = Debug|Any CPU
		{C3FCF2B7-163C-75E2-68AC-1D37B88445E5}.Debug|Any CPU.Build.0 = Debug|Any CPU
		{C3FCF2B7-163C-75E2-68AC-1D37B88445E5}.Release|Any CPU.ActiveCfg = Release|Any CPU
		{C3FCF2B7-163C-75E2-68AC-1D37B88445E5}.Release|Any CPU.Build.0 = Release|Any CPU
		{C7D04F19-F46C-E00F-CA8E-EC91A6260943}.Debug|Any CPU.ActiveCfg = Debug|Any CPU
		{C7D04F19-F46C-E00F-CA8E-EC91A6260943}.Debug|Any CPU.Build.0 = Debug|Any CPU
		{C7D04F19-F46C-E00F-CA8E-EC91A6260943}.Release|Any CPU.ActiveCfg = Release|Any CPU
		{C7D04F19-F46C-E00F-CA8E-EC91A6260943}.Release|Any CPU.Build.0 = Release|Any CPU
	EndGlobalSection
	GlobalSection(SolutionProperties) = preSolution
		HideSolutionNode = FALSE
	EndGlobalSection
	GlobalSection(MonoDevelopProperties) = preSolution
		StartupItem = Assembly-CSharp.csproj
	EndGlobalSection
EndGlobal
